
Microsoft Visual Studio Solution File, Format Version 12.00
# Visual Studio Version 17
VisualStudioVersion = 17.0.31919.166
MinimumVisualStudioVersion = 10.0.40219.1
Project("{888888A0-9F3D-457C-B088-3A5042F75D52}") = "Sec3_3_카드_역배치", "Sec3_3_카드_역배치\Sec3_3_카드_역배치.pyproj", "{1DF04B56-AD10-4755-ABD1-2DB4B964C449}"
EndProject
Global
	GlobalSection(SolutionConfigurationPlatforms) = preSolution
		Debug|Any CPU = Debug|Any CPU
		Release|Any CPU = Release|Any CPU
	EndGlobalSection
	GlobalSection(ProjectConfigurationPlatforms) = postSolution
		{1DF04B56-AD10-4755-ABD1-2DB4B964C449}.Debug|Any CPU.ActiveCfg = Debug|Any CPU
		{1DF04B56-AD10-4755-ABD1-2DB4B964C449}.Release|Any CPU.ActiveCfg = Release|Any CPU
	EndGlobalSection
	GlobalSection(SolutionProperties) = preSolution
		HideSolutionNode = FALSE
	EndGlobalSection
	GlobalSection(ExtensibilityGlobals) = postSolution
		SolutionGuid = {AA5250AB-6100-4439-914F-7B56ADD2C8C7}
	EndGlobalSection
EndGlobal
