
Microsoft Visual Studio Solution File, Format Version 12.00
# Visual Studio Version 17
VisualStudioVersion = 17.0.31919.166
MinimumVisualStudioVersion = 10.0.40219.1
Project("{888888A0-9F3D-457C-B088-3A5042F75D52}") = "Sect2-6", "Sect2-6\Sect2-6.pyproj", "{DEC82A7A-D316-477E-A6B6-C9DA9B44A2D3}"
EndProject
Global
	GlobalSection(SolutionConfigurationPlatforms) = preSolution
		Debug|Any CPU = Debug|Any CPU
		Release|Any CPU = Release|Any CPU
	EndGlobalSection
	GlobalSection(ProjectConfigurationPlatforms) = postSolution
		{DEC82A7A-D316-477E-A6B6-C9DA9B44A2D3}.Debug|Any CPU.ActiveCfg = Debug|Any CPU
		{DEC82A7A-D316-477E-A6B6-C9DA9B44A2D3}.Release|Any CPU.ActiveCfg = Release|Any CPU
	EndGlobalSection
	GlobalSection(SolutionProperties) = preSolution
		HideSolutionNode = FALSE
	EndGlobalSection
	GlobalSection(ExtensibilityGlobals) = postSolution
		SolutionGuid = {EB8E8E07-E083-44E2-90F2-DB47A828B867}
	EndGlobalSection
EndGlobal
